Microsoft Visual Studio Solution File, Format Version 12.00
# Visual Studio 2012
Project("{FAE04EC0-301F-11D3-BF4B-00C04F79EFBC}") = "PROJECT_FADING_MEMORIES", "PROJECT_FADING_MEMORIES.csproj", "{03E557D1-A04C-44B8-9F3E-A065CB9EC786}"
EndProject
Global
	GlobalSection(SolutionConfigurationPlatforms) = preSolution
	Debug|Any CPU = Debug|Any CPU
	ExportDebug|Any CPU = ExportDebug|Any CPU
	ExportRelease|Any CPU = ExportRelease|Any CPU
	EndGlobalSection
	GlobalSection(ProjectConfigurationPlatforms) = postSolution
		{03E557D1-A04C-44B8-9F3E-A065CB9EC786}.Debug|Any CPU.ActiveCfg = Debug|Any CPU
		{03E557D1-A04C-44B8-9F3E-A065CB9EC786}.Debug|Any CPU.Build.0 = Debug|Any CPU
		{03E557D1-A04C-44B8-9F3E-A065CB9EC786}.ExportDebug|Any CPU.ActiveCfg = ExportDebug|Any CPU
		{03E557D1-A04C-44B8-9F3E-A065CB9EC786}.ExportDebug|Any CPU.Build.0 = ExportDebug|Any CPU
		{03E557D1-A04C-44B8-9F3E-A065CB9EC786}.ExportRelease|Any CPU.ActiveCfg = ExportRelease|Any CPU
		{03E557D1-A04C-44B8-9F3E-A065CB9EC786}.ExportRelease|Any CPU.Build.0 = ExportRelease|Any CPU
	EndGlobalSection
EndGlobal
